{
	"name": "janeway",
	"version": "0.3.6-alpha",
	"lockfileVersion": 2,
	"requires": true,
	"packages": {
		"": {
			"name": "janeway",
			"version": "0.3.6-alpha",
			"license": "MIT",
			"dependencies": {
				"fuzzysort": "^2.0.1",
				"isbinaryfile": "~3.0.3",
				"neo-blessed": "~0.2.0",
				"protoblast": "~0.7.1"
			},
			"bin": {
				"janeway": "bin/execbin.js"
			},
			"engines": {
				"node": ">=8.0.0"
			}
		},
		"node_modules/buffer-alloc": {
			"version": "1.2.0",
			"resolved": "https://registry.npmjs.org/buffer-alloc/-/buffer-alloc-1.2.0.tgz",
			"integrity": "sha512-CFsHQgjtW1UChdXgbyJGtnm+O/uLQeZdtbDo8mfUgYXCHSM1wgrVxXm6bSyrUuErEb+4sYVGCzASBRot7zyrow==",
			"dependencies": {
				"buffer-alloc-unsafe": "^1.1.0",
				"buffer-fill": "^1.0.0"
			}
		},
		"node_modules/buffer-alloc-unsafe": {
			"version": "1.1.0",
			"resolved": "https://registry.npmjs.org/buffer-alloc-unsafe/-/buffer-alloc-unsafe-1.1.0.tgz",
			"integrity": "sha512-TEM2iMIEQdJ2yjPJoSIsldnleVaAk1oW3DBVUykyOLsEsFmEc9kn+SFFPz+gl54KQNxlDnAwCXosOS9Okx2xAg=="
		},
		"node_modules/buffer-fill": {
			"version": "1.0.0",
			"resolved": "https://registry.npmjs.org/buffer-fill/-/buffer-fill-1.0.0.tgz",
			"integrity": "sha1-+PeLdniYiO858gXNY39o5wISKyw="
		},
		"node_modules/fuzzysort": {
			"version": "2.0.1",
			"resolved": "https://registry.npmjs.org/fuzzysort/-/fuzzysort-2.0.1.tgz",
			"integrity": "sha512-SlgbPAq0eQ6JQ1h3l4MNeGH/t9DHKH8GGM0RD/6RhmJrNnSoWt3oIVaiQm9g9BPB+wAhRMeMqlUTbhbd7+Ufcg=="
		},
		"node_modules/isbinaryfile": {
			"version": "3.0.3",
			"resolved": "https://registry.npmjs.org/isbinaryfile/-/isbinaryfile-3.0.3.tgz",
			"integrity": "sha512-8cJBL5tTd2OS0dM4jz07wQd5g0dCCqIhUxPIGtZfa5L6hWlvV5MHTITy/DBAsF+Oe2LS1X3krBUhNwaGUWpWxw==",
			"dependencies": {
				"buffer-alloc": "^1.2.0"
			},
			"engines": {
				"node": ">=0.6.0"
			}
		},
		"node_modules/json-dry": {
			"version": "1.1.0",
			"resolved": "https://registry.npmjs.org/json-dry/-/json-dry-1.1.0.tgz",
			"integrity": "sha512-zH95UwgPVC9DLOopvXR6ZYqELhUBOevsqd7eD8aGOhhwEfK58HO5VfCfkf1JOCCEWRs6JFO4dGaZhfixDwj+xg==",
			"engines": {
				"node": ">=6.4"
			}
		},
		"node_modules/neo-blessed": {
			"version": "0.2.0",
			"resolved": "https://registry.npmjs.org/neo-blessed/-/neo-blessed-0.2.0.tgz",
			"integrity": "sha512-C2kC4K+G2QnNQFXUIxTQvqmrdSIzGTX1ZRKeDW6ChmvPRw8rTkTEJzbEQHiHy06d36PCl/yMOCjquCRV8SpSQw==",
			"bin": {
				"neo-blessed": "bin/tput.js"
			},
			"engines": {
				"node": ">= 8.0.0"
			}
		},
		"node_modules/protoblast": {
			"version": "0.7.17",
			"resolved": "https://registry.npmjs.org/protoblast/-/protoblast-0.7.17.tgz",
			"integrity": "sha512-QM6V4OboLHUzl0nIn/oSSvaPTxM0fO2K9YZ4WRFe0bN3uwE8YQ87C5169MaSYxHr5ve4ypxcEumw55o639PIkQ==",
			"dependencies": {
				"json-dry": "~1.1.0"
			},
			"engines": {
				"node": ">=10.21.0"
			}
		}
	},
	"dependencies": {
		"buffer-alloc": {
			"version": "1.2.0",
			"resolved": "https://registry.npmjs.org/buffer-alloc/-/buffer-alloc-1.2.0.tgz",
			"integrity": "sha512-CFsHQgjtW1UChdXgbyJGtnm+O/uLQeZdtbDo8mfUgYXCHSM1wgrVxXm6bSyrUuErEb+4sYVGCzASBRot7zyrow==",
			"requires": {
				"buffer-alloc-unsafe": "^1.1.0",
				"buffer-fill": "^1.0.0"
			}
		},
		"buffer-alloc-unsafe": {
			"version": "1.1.0",
			"resolved": "https://registry.npmjs.org/buffer-alloc-unsafe/-/buffer-alloc-unsafe-1.1.0.tgz",
			"integrity": "sha512-TEM2iMIEQdJ2yjPJoSIsldnleVaAk1oW3DBVUykyOLsEsFmEc9kn+SFFPz+gl54KQNxlDnAwCXosOS9Okx2xAg=="
		},
		"buffer-fill": {
			"version": "1.0.0",
			"resolved": "https://registry.npmjs.org/buffer-fill/-/buffer-fill-1.0.0.tgz",
			"integrity": "sha1-+PeLdniYiO858gXNY39o5wISKyw="
		},
		"fuzzysort": {
			"version": "2.0.1",
			"resolved": "https://registry.npmjs.org/fuzzysort/-/fuzzysort-2.0.1.tgz",
			"integrity": "sha512-SlgbPAq0eQ6JQ1h3l4MNeGH/t9DHKH8GGM0RD/6RhmJrNnSoWt3oIVaiQm9g9BPB+wAhRMeMqlUTbhbd7+Ufcg=="
		},
		"isbinaryfile": {
			"version": "3.0.3",
			"resolved": "https://registry.npmjs.org/isbinaryfile/-/isbinaryfile-3.0.3.tgz",
			"integrity": "sha512-8cJBL5tTd2OS0dM4jz07wQd5g0dCCqIhUxPIGtZfa5L6hWlvV5MHTITy/DBAsF+Oe2LS1X3krBUhNwaGUWpWxw==",
			"requires": {
				"buffer-alloc": "^1.2.0"
			}
		},
		"json-dry": {
			"version": "1.1.0",
			"resolved": "https://registry.npmjs.org/json-dry/-/json-dry-1.1.0.tgz",
			"integrity": "sha512-zH95UwgPVC9DLOopvXR6ZYqELhUBOevsqd7eD8aGOhhwEfK58HO5VfCfkf1JOCCEWRs6JFO4dGaZhfixDwj+xg=="
		},
		"neo-blessed": {
			"version": "0.2.0",
			"resolved": "https://registry.npmjs.org/neo-blessed/-/neo-blessed-0.2.0.tgz",
			"integrity": "sha512-C2kC4K+G2QnNQFXUIxTQvqmrdSIzGTX1ZRKeDW6ChmvPRw8rTkTEJzbEQHiHy06d36PCl/yMOCjquCRV8SpSQw=="
		},
		"protoblast": {
			"version": "0.7.17",
			"resolved": "https://registry.npmjs.org/protoblast/-/protoblast-0.7.17.tgz",
			"integrity": "sha512-QM6V4OboLHUzl0nIn/oSSvaPTxM0fO2K9YZ4WRFe0bN3uwE8YQ87C5169MaSYxHr5ve4ypxcEumw55o639PIkQ==",
			"requires": {
				"json-dry": "~1.1.0"
			}
		}
	}
}
